
Microsoft Visual Studio Solution File, Format Version 12.00
# Visual Studio Version 16
VisualStudioVersion = 16.0.30413.136
MinimumVisualStudioVersion = 10.0.40219.1
Project("{FAE04EC0-301F-11D3-BF4B-00C04F79EFBC}") = "Shake", "Shake\Shake.csproj", "{C68F7612-F748-431D-8FC7-0D591BE91E26}"
EndProject
Global
	GlobalSection(SolutionConfigurationPlatforms) = preSolution
		Debug|Any CPU = Debug|Any CPU
		Release|Any CPU = Release|Any CPU
	EndGlobalSection
	GlobalSection(ProjectConfigurationPlatforms) = postSolution
		{C68F7612-F748-431D-8FC7-0D591BE91E26}.Debug|Any CPU.ActiveCfg = Debug|Any CPU
		{C68F7612-F748-431D-8FC7-0D591BE91E26}.Debug|Any CPU.Build.0 = Debug|Any CPU
		{C68F7612-F748-431D-8FC7-0D591BE91E26}.Release|Any CPU.ActiveCfg = Release|Any CPU
		{C68F7612-F748-431D-8FC7-0D591BE91E26}.Release|Any CPU.Build.0 = Release|Any CPU
	EndGlobalSection
	GlobalSection(SolutionProperties) = preSolution
		HideSolutionNode = FALSE
	EndGlobalSection
	GlobalSection(ExtensibilityGlobals) = postSolution
		SolutionGuid = {D91054EE-6C8B-4ADD-9FE6-3F72C3B04261}
	EndGlobalSection
EndGlobal
